
Microsoft Visual Studio Solution File, Format Version 12.00
# Visual Studio Version 16
VisualStudioVersion = 16.0.30114.105
MinimumVisualStudioVersion = 10.0.40219.1
Project("{FAE04EC0-301F-11D3-BF4B-00C04F79EFBC}") = "hello", "app\hello.csproj", "{D3B7610A-FF27-4E24-813C-0E7F4DF8FBC3}"
EndProject
Project("{FAE04EC0-301F-11D3-BF4B-00C04F79EFBC}") = "lib", "lib\lib.csproj", "{ADA31929-90A5-4E5C-9949-25F3FA53CE96}"
EndProject
Global
	GlobalSection(SolutionConfigurationPlatforms) = preSolution
		Debug|Any CPU = Debug|Any CPU
		Release|Any CPU = Release|Any CPU
	EndGlobalSection
	GlobalSection(SolutionProperties) = preSolution
		HideSolutionNode = FALSE
	EndGlobalSection
	GlobalSection(ProjectConfigurationPlatforms) = postSolution
		{D3B7610A-FF27-4E24-813C-0E7F4DF8FBC3}.Debug|Any CPU.ActiveCfg = Debug|Any CPU
		{D3B7610A-FF27-4E24-813C-0E7F4DF8FBC3}.Debug|Any CPU.Build.0 = Debug|Any CPU
		{D3B7610A-FF27-4E24-813C-0E7F4DF8FBC3}.Release|Any CPU.ActiveCfg = Release|Any CPU
		{D3B7610A-FF27-4E24-813C-0E7F4DF8FBC3}.Release|Any CPU.Build.0 = Release|Any CPU
		{ADA31929-90A5-4E5C-9949-25F3FA53CE96}.Debug|Any CPU.ActiveCfg = Debug|Any CPU
		{ADA31929-90A5-4E5C-9949-25F3FA53CE96}.Debug|Any CPU.Build.0 = Debug|Any CPU
		{ADA31929-90A5-4E5C-9949-25F3FA53CE96}.Release|Any CPU.ActiveCfg = Release|Any CPU
		{ADA31929-90A5-4E5C-9949-25F3FA53CE96}.Release|Any CPU.Build.0 = Release|Any CPU
	EndGlobalSection
EndGlobal
